# THIS IS AN AUTOGENERATED FILE. DO NOT EDIT THIS FILE DIRECTLY.
# yarn lockfile v1


ansi-regex@^2.1.1:
  version "2.1.1"
  resolved "https://registry.yarnpkg.com/ansi-regex/-/ansi-regex-2.1.1.tgz#c3b33ab5ee360d86e0e628f0468ae7ef27d654df"
  integrity sha1-w7M6te42DYbg5ijwRorn7yfWVN8=

await-sleep@0.0.1:
  version "0.0.1"
  resolved "https://registry.yarnpkg.com/await-sleep/-/await-sleep-0.0.1.tgz#044532e49f1f4219d2030d79f517d64569a27d50"
  integrity sha512-H3X3eAxwGpeNIk/yvFOs8g7500Q1YvzrxjSC9TNgLGtjrMFxPwhDdcT34QNs2iGWpZ+5WKkMJdjDoYs+Sw+TaA==

axios@^0.18.0:
  version "0.18.0"
  resolved "https://registry.yarnpkg.com/axios/-/axios-0.18.0.tgz#32d53e4851efdc0a11993b6cd000789d70c05102"
  integrity sha1-MtU+SFHv3AoRmTts0AB4nXDAUQI=
  dependencies:
    follow-redirects "^1.3.0"
    is-buffer "^1.1.5"

balanced-match@^1.0.0:
  version "1.0.0"
  resolved "https://registry.yarnpkg.com/balanced-match/-/balanced-match-1.0.0.tgz#89b4d199ab2bee49de164ea02b89ce462d71b767"
  integrity sha1-ibTRmasr7kneFk6gK4nORi1xt2c=

bluebird@^3.5.3:
  version "3.5.5"
  resolved "https://registry.yarnpkg.com/bluebird/-/bluebird-3.5.5.tgz#a8d0afd73251effbbd5fe384a77d73003c17a71f"
  integrity sha512-5am6HnnfN+urzt4yfg7IgTbotDjIT/u8AJpEt0sIU9FtXfVeezXAPKswrG+xKUCOYAINpSdgZVDU6QFh+cuH3w==

brace-expansion@^1.1.7:
  version "1.1.11"
  resolved "https://registry.yarnpkg.com/brace-expansion/-/brace-expansion-1.1.11.tgz#3c7fcbf529d87226f3d2f52b966ff5271eb441dd"
  integrity sha512-iCuPHDFgrHX7H2vEI/5xpz07zSHB00TpugqhmYtVmMO6518mCuRMoOYFldEBl0g187ufozdaHgWKcYFb61qGiA==
  dependencies:
    balanced-match "^1.0.0"
    concat-map "0.0.1"

cli-color@^1.4.0:
  version "1.4.0"
  resolved "https://registry.yarnpkg.com/cli-color/-/cli-color-1.4.0.tgz#7d10738f48526824f8fe7da51857cb0f572fe01f"
  integrity sha512-xu6RvQqqrWEo6MPR1eixqGPywhYBHRs653F9jfXB2Hx4jdM/3WxiNE1vppRmxtMIfl16SFYTpYlrnqH/HsK/2w==
  dependencies:
    ansi-regex "^2.1.1"
    d "1"
    es5-ext "^0.10.46"
    es6-iterator "^2.0.3"
    memoizee "^0.4.14"
    timers-ext "^0.1.5"

commander@^2.19.0:
  version "2.20.0"
  resolved "https://registry.yarnpkg.com/commander/-/commander-2.20.0.tgz#d58bb2b5c1ee8f87b0d340027e9e94e222c5a422"
  integrity sha512-7j2y+40w61zy6YC2iRNpUe/NwhNyoXrYpHMrSunaMG64nRnaf96zO/KMQR4OyN/UnE5KLyEBnKHd4aG3rskjpQ==

concat-map@0.0.1:
  version "0.0.1"
  resolved "https://registry.yarnpkg.com/concat-map/-/concat-map-0.0.1.tgz#d8a96bd77fd68df7793a73036a3ba0d5405d477b"
  integrity sha1-2Klr13/Wjfd5OnMDajug1UBdR3s=

d@1:
  version "1.0.0"
  resolved "https://registry.yarnpkg.com/d/-/d-1.0.0.tgz#754bb5bfe55451da69a58b94d45f4c5b0462d58f"
  integrity sha1-dUu1v+VUUdpppYuU1F9MWwRi1Y8=
  dependencies:
    es5-ext "^0.10.9"

debug@^3.2.6:
  version "3.2.6"
  resolved "https://registry.yarnpkg.com/debug/-/debug-3.2.6.tgz#e83d17de16d8a7efb7717edbe5fb10135eee629b"
  integrity sha512-mel+jf7nrtEl5Pn1Qx46zARXKDpBbvzezse7p7LqINmdoIk8PYP5SySaxEmYv6TZ0JyEKA1hsCId6DIhgITtWQ==
  dependencies:
    ms "^2.1.1"

es5-ext@^0.10.14, es5-ext@^0.10.35, es5-ext@^0.10.45, es5-ext@^0.10.46, es5-ext@^0.10.9, es5-ext@~0.10.14, es5-ext@~0.10.2, es5-ext@~0.10.46:
  version "0.10.50"
  resolved "https://registry.yarnpkg.com/es5-ext/-/es5-ext-0.10.50.tgz#6d0e23a0abdb27018e5ac4fd09b412bc5517a778"
  integrity sha512-KMzZTPBkeQV/JcSQhI5/z6d9VWJ3EnQ194USTUwIYZ2ZbpN8+SGXQKt1h68EX44+qt+Fzr8DO17vnxrw7c3agw==
  dependencies:
    es6-iterator "~2.0.3"
    es6-symbol "~3.1.1"
    next-tick "^1.0.0"

es6-iterator@^2.0.1, es6-iterator@^2.0.3, es6-iterator@~2.0.3:
  version "2.0.3"
  resolved "https://registry.yarnpkg.com/es6-iterator/-/es6-iterator-2.0.3.tgz#a7de889141a05a94b0854403b2d0a0fbfa98f3b7"
  integrity sha1-p96IkUGgWpSwhUQDstCg+/qY87c=
  dependencies:
    d "1"
    es5-ext "^0.10.35"
    es6-symbol "^3.1.1"

es6-symbol@^3.1.1, es6-symbol@~3.1.1:
  version "3.1.1"
  resolved "https://registry.yarnpkg.com/es6-symbol/-/es6-symbol-3.1.1.tgz#bf00ef4fdab6ba1b46ecb7b629b4c7ed5715cc77"
  integrity sha1-vwDvT9q2uhtG7Le2KbTH7VcVzHc=
  dependencies:
    d "1"
    es5-ext "~0.10.14"

es6-weak-map@^2.0.2:
  version "2.0.2"
  resolved "https://registry.yarnpkg.com/es6-weak-map/-/es6-weak-map-2.0.2.tgz#5e3ab32251ffd1538a1f8e5ffa1357772f92d96f"
  integrity sha1-XjqzIlH/0VOKH45f+hNXdy+S2W8=
  dependencies:
    d "1"
    es5-ext "^0.10.14"
    es6-iterator "^2.0.1"
    es6-symbol "^3.1.1"

event-emitter@^0.3.5:
  version "0.3.5"
  resolved "https://registry.yarnpkg.com/event-emitter/-/event-emitter-0.3.5.tgz#df8c69eef1647923c7157b9ce83840610b02cc39"
  integrity sha1-34xp7vFkeSPHFXuc6DhAYQsCzDk=
  dependencies:
    d "1"
    es5-ext "~0.10.14"

follow-redirects@^1.3.0:
  version "1.7.0"
  resolved "https://registry.yarnpkg.com/follow-redirects/-/follow-redirects-1.7.0.tgz#489ebc198dc0e7f64167bd23b03c4c19b5784c76"
  integrity sha512-m/pZQy4Gj287eNy94nivy5wchN3Kp+Q5WgUPNy5lJSZ3sgkVKSYV/ZChMAQVIgx1SqfZ2zBZtPA2YlXIWxxJOQ==
  dependencies:
    debug "^3.2.6"

fs-extra@^7.0.1:
  version "7.0.1"
  resolved "https://registry.yarnpkg.com/fs-extra/-/fs-extra-7.0.1.tgz#4f189c44aa123b895f722804f55ea23eadc348e9"
  integrity sha512-YJDaCJZEnBmcbw13fvdAM9AwNOJwOzrE4pqMqBq5nFiEqXUqHwlK4B+3pUw6JNvfSPtX05xFHtYy/1ni01eGCw==
  dependencies:
    graceful-fs "^4.1.2"
    jsonfile "^4.0.0"
    universalify "^0.1.0"

fs.realpath@^1.0.0:
  version "1.0.0"
  resolved "https://registry.yarnpkg.com/fs.realpath/-/fs.realpath-1.0.0.tgz#1504ad2523158caa40db4a2787cb01411994ea4f"
  integrity sha1-FQStJSMVjKpA20onh8sBQRmU6k8=

glob@^7.1.2:
  version "7.1.4"
  resolved "https://registry.yarnpkg.com/glob/-/glob-7.1.4.tgz#aa608a2f6c577ad357e1ae5a5c26d9a8d1969255"
  integrity sha512-hkLPepehmnKk41pUGm3sYxoFs/umurYfYJCerbXEyFIWcAzvpipAgVkBqqT9RBKMGjnq6kMuyYwha6csxbiM1A==
  dependencies:
    fs.realpath "^1.0.0"
    inflight "^1.0.4"
    inherits "2"
    minimatch "^3.0.4"
    once "^1.3.0"
    path-is-absolute "^1.0.0"

graceful-fs@^4.1.2, graceful-fs@^4.1.6:
  version "4.1.15"
  resolved "https://registry.yarnpkg.com/graceful-fs/-/graceful-fs-4.1.15.tgz#ffb703e1066e8a0eeaa4c8b80ba9253eeefbfb00"
  integrity sha512-6uHUhOPEBgQ24HM+r6b/QwWfZq+yiFcipKFrOFiBEnWdy5sdzYoi+pJeQaPI5qOLRFqWmAXUPQNsielzdLoecA==

inflight@^1.0.4:
  version "1.0.6"
  resolved "https://registry.yarnpkg.com/inflight/-/inflight-1.0.6.tgz#49bd6331d7d02d0c09bc910a1075ba8165b56df9"
  integrity sha1-Sb1jMdfQLQwJvJEKEHW6gWW1bfk=
  dependencies:
    once "^1.3.0"
    wrappy "1"

inherits@2:
  version "2.0.3"
  resolved "https://registry.yarnpkg.com/inherits/-/inherits-2.0.3.tgz#633c2c83e3da42a502f52466022480f4208261de"
  integrity sha1-Yzwsg+PaQqUC9SRmAiSA9CCCYd4=

is-buffer@^1.1.5:
  version "1.1.6"
  resolved "https://registry.yarnpkg.com/is-buffer/-/is-buffer-1.1.6.tgz#efaa2ea9daa0d7ab2ea13a97b2b8ad51fefbe8be"
  integrity sha512-NcdALwpXkTm5Zvvbk7owOUSvVvBKDgKP5/ewfXEznmQFfs4ZRmanOeKBTjRVjka3QFoN6XJ+9F3USqfHqTaU5w==

is-promise@^2.1:
  version "2.1.0"
  resolved "https://registry.yarnpkg.com/is-promise/-/is-promise-2.1.0.tgz#79a2a9ece7f096e80f36d2b2f3bc16c1ff4bf3fa"
  integrity sha1-eaKp7OfwlugPNtKy87wWwf9L8/o=

jsonfile@^4.0.0:
  version "4.0.0"
  resolved "https://registry.yarnpkg.com/jsonfile/-/jsonfile-4.0.0.tgz#8771aae0799b64076b76640fca058f9c10e33ecb"
  integrity sha1-h3Gq4HmbZAdrdmQPygWPnBDjPss=
  optionalDependencies:
    graceful-fs "^4.1.6"

lru-queue@0.1:
  version "0.1.0"
  resolved "https://registry.yarnpkg.com/lru-queue/-/lru-queue-0.1.0.tgz#2738bd9f0d3cf4f84490c5736c48699ac632cda3"
  integrity sha1-Jzi9nw089PhEkMVzbEhpmsYyzaM=
  dependencies:
    es5-ext "~0.10.2"

memoizee@^0.4.14:
  version "0.4.14"
  resolved "https://registry.yarnpkg.com/memoizee/-/memoizee-0.4.14.tgz#07a00f204699f9a95c2d9e77218271c7cd610d57"
  integrity sha512-/SWFvWegAIYAO4NQMpcX+gcra0yEZu4OntmUdrBaWrJncxOqAziGFlHxc7yjKVK2uu3lpPW27P27wkR82wA8mg==
  dependencies:
    d "1"
    es5-ext "^0.10.45"
    es6-weak-map "^2.0.2"
    event-emitter "^0.3.5"
    is-promise "^2.1"
    lru-queue "0.1"
    next-tick "1"
    timers-ext "^0.1.5"

minimatch@^3.0.4:
  version "3.0.4"
  resolved "https://registry.yarnpkg.com/minimatch/-/minimatch-3.0.4.tgz#5166e286457f03306064be5497e8dbb0c3d32083"
  integrity sha512-yJHVQEhyqPLUTgt9B83PXu6W3rx4MvvHvSUvToogpwoGDOUQ+yDrR0HRot+yOCdCO7u4hX3pWft6kWBBcqh0UA==
  dependencies:
    brace-expansion "^1.1.7"

ms@^2.1.1:
  version "2.1.1"
  resolved "https://registry.yarnpkg.com/ms/-/ms-2.1.1.tgz#30a5864eb3ebb0a66f2ebe6d727af06a09d86e0a"
  integrity sha512-tgp+dl5cGk28utYktBsrFqA7HKgrhgPsg6Z/EfhWI4gl1Hwq8B/GmY/0oXZ6nF8hDVesS/FpnYaD/kOWhYQvyg==

next-tick@1, next-tick@^1.0.0:
  version "1.0.0"
  resolved "https://registry.yarnpkg.com/next-tick/-/next-tick-1.0.0.tgz#ca86d1fe8828169b0120208e3dc8424b9db8342c"
  integrity sha1-yobR/ogoFpsBICCOPchCS524NCw=

once@^1.3.0:
  version "1.4.0"
  resolved "https://registry.yarnpkg.com/once/-/once-1.4.0.tgz#583b1aa775961d4b113ac17d9c50baef9dd76bd1"
  integrity sha1-WDsap3WWHUsROsF9nFC6753Xa9E=
  dependencies:
    wrappy "1"

path-is-absolute@^1.0.0:
  version "1.0.1"
  resolved "https://registry.yarnpkg.com/path-is-absolute/-/path-is-absolute-1.0.1.tgz#174b9268735534ffbc7ace6bf53a5a9e1b5c5f5f"
  integrity sha1-F0uSaHNVNP+8es5r9TpanhtcX18=

querystring@^0.2.0:
  version "0.2.0"
  resolved "https://registry.yarnpkg.com/querystring/-/querystring-0.2.0.tgz#b209849203bb25df820da756e747005878521620"
  integrity sha1-sgmEkgO7Jd+CDadW50cAWHhSFiA=

sol-merger@^0.1.4:
  version "0.1.4"
  resolved "https://registry.yarnpkg.com/sol-merger/-/sol-merger-0.1.4.tgz#f19df03d9b24cf24c78a5ea57dd7d9d093236139"
  integrity sha512-IhwwwFpbKUT+FJkJ0cEdqRJLXBh9hDPhWjKQyS4xwlTuYu4z5Sq4XfYN8qa107hiYk2ZERHYjsOvZnfnDsBwbw==
  dependencies:
    bluebird "^3.5.3"
    cli-color "^1.4.0"
    commander "^2.19.0"
    debug "^3.2.6"
    fs-extra "^7.0.1"
    glob "^7.1.2"

timers-ext@^0.1.5:
  version "0.1.7"
  resolved "https://registry.yarnpkg.com/timers-ext/-/timers-ext-0.1.7.tgz#6f57ad8578e07a3fb9f91d9387d65647555e25c6"
  integrity sha512-b85NUNzTSdodShTIbky6ZF02e8STtVVfD+fu4aXXShEELpozH+bCpJLYMPZbsABN2wDH7fJpqIoXxJpzbf0NqQ==
  dependencies:
    es5-ext "~0.10.46"
    next-tick "1"

universalify@^0.1.0:
  version "0.1.2"
  resolved "https://registry.yarnpkg.com/universalify/-/universalify-0.1.2.tgz#b646f69be3942dabcecc9d6639c80dc105efaa66"
  integrity sha512-rBJeI5CXAlmy1pV+617WB9J63U6XcazHHF2f2dbJix4XzpUF0RS3Zbj0FGIOCAva5P/d/GBOYaACQ1w+0azUkg==

wrappy@1:
  version "1.0.2"
  resolved "https://registry.yarnpkg.com/wrappy/-/wrappy-1.0.2.tgz#b5243d8f3ec1aa35f1364605bc0d1036e30ab69f"
  integrity sha1-tSQ9jz7BqjXxNkYFvA0QNuMKtp8=
